
Microsoft Visual Studio Solution File, Format Version 12.00
# Visual Studio Version 17
VisualStudioVersion = 17.2.32519.379
MinimumVisualStudioVersion = 10.0.40219.1
Project("{8BC9CEB8-8B4A-11D0-8D11-00A0C91BC942}") = "OverloadsAndTemplates", "OverloadsAndTemplates\OverloadsAndTemplates.vcxproj", "{EB404C5D-AE2A-45D1-8F4E-FB47586EB70E}"
EndProject
Global
	GlobalSection(SolutionConfigurationPlatforms) = preSolution
		Debug|x64 = Debug|x64
		Debug|x86 = Debug|x86
		Release|x64 = Release|x64
		Release|x86 = Release|x86
	EndGlobalSection
	GlobalSection(ProjectConfigurationPlatforms) = postSolution
		{EB404C5D-AE2A-45D1-8F4E-FB47586EB70E}.Debug|x64.ActiveCfg = Debug|x64
		{EB404C5D-AE2A-45D1-8F4E-FB47586EB70E}.Debug|x64.Build.0 = Debug|x64
		{EB404C5D-AE2A-45D1-8F4E-FB47586EB70E}.Debug|x86.ActiveCfg = Debug|Win32
		{EB404C5D-AE2A-45D1-8F4E-FB47586EB70E}.Debug|x86.Build.0 = Debug|Win32
		{EB404C5D-AE2A-45D1-8F4E-FB47586EB70E}.Release|x64.ActiveCfg = Release|x64
		{EB404C5D-AE2A-45D1-8F4E-FB47586EB70E}.Release|x64.Build.0 = Release|x64
		{EB404C5D-AE2A-45D1-8F4E-FB47586EB70E}.Release|x86.ActiveCfg = Release|Win32
		{EB404C5D-AE2A-45D1-8F4E-FB47586EB70E}.Release|x86.Build.0 = Release|Win32
	EndGlobalSection
	GlobalSection(SolutionProperties) = preSolution
		HideSolutionNode = FALSE
	EndGlobalSection
	GlobalSection(ExtensibilityGlobals) = postSolution
		SolutionGuid = {4E150062-F17F-41AE-9DF0-DD8122050EDF}
	EndGlobalSection
EndGlobal
